
Microsoft Visual Studio Solution File, Format Version 12.00
# Visual Studio Version 17
VisualStudioVersion = 17.4.33213.308
MinimumVisualStudioVersion = 10.0.40219.1
Project("{FAE04EC0-301F-11D3-BF4B-00C04F79EFBC}") = "ProyectoQuinielas", "ProyectoQuinielas\ProyectoQuinielas.csproj", "{88EEC6B6-6864-4479-9124-553C296EA586}"
EndProject
Global
	GlobalSection(SolutionConfigurationPlatforms) = preSolution
		Debug|Any CPU = Debug|Any CPU
		Release|Any CPU = Release|Any CPU
	EndGlobalSection
	GlobalSection(ProjectConfigurationPlatforms) = postSolution
		{88EEC6B6-6864-4479-9124-553C296EA586}.Debug|Any CPU.ActiveCfg = Debug|Any CPU
		{88EEC6B6-6864-4479-9124-553C296EA586}.Debug|Any CPU.Build.0 = Debug|Any CPU
		{88EEC6B6-6864-4479-9124-553C296EA586}.Release|Any CPU.ActiveCfg = Release|Any CPU
		{88EEC6B6-6864-4479-9124-553C296EA586}.Release|Any CPU.Build.0 = Release|Any CPU
	EndGlobalSection
	GlobalSection(SolutionProperties) = preSolution
		HideSolutionNode = FALSE
	EndGlobalSection
	GlobalSection(ExtensibilityGlobals) = postSolution
		SolutionGuid = {E26A6AAF-65CD-4477-BEB3-FEB5F8C4D600}
	EndGlobalSection
EndGlobal
