
Microsoft Visual Studio Solution File, Format Version 12.00
# Visual Studio Version 17
VisualStudioVersion = 17.4.33213.308
MinimumVisualStudioVersion = 10.0.40219.1
Project("{9A19103F-16F7-4668-BE54-9A1E7A4F7556}") = "QuinielasWeb", "QuinielasWeb\QuinielasWeb.csproj", "{88EEC6B6-6864-4479-9124-553C296EA586}"
EndProject
Project("{FAE04EC0-301F-11D3-BF4B-00C04F79EFBC}") = "QuinielasModel", "QuinielasModel\QuinielasModel.csproj", "{CA036838-BAB3-48FD-82B6-66BFE3582DB5}"
EndProject
Project("{FAE04EC0-301F-11D3-BF4B-00C04F79EFBC}") = "QuinielasApi", "QuinielasApi\QuinielasApi.csproj", "{FB829F73-C340-47B9-BC24-1C74D659CECC}"
EndProject
Global
	GlobalSection(SolutionConfigurationPlatforms) = preSolution
		Debug|Any CPU = Debug|Any CPU
		Release|Any CPU = Release|Any CPU
	EndGlobalSection
	GlobalSection(ProjectConfigurationPlatforms) = postSolution
		{88EEC6B6-6864-4479-9124-553C296EA586}.Debug|Any CPU.ActiveCfg = Debug|Any CPU
		{88EEC6B6-6864-4479-9124-553C296EA586}.Debug|Any CPU.Build.0 = Debug|Any CPU
		{88EEC6B6-6864-4479-9124-553C296EA586}.Release|Any CPU.ActiveCfg = Release|Any CPU
		{88EEC6B6-6864-4479-9124-553C296EA586}.Release|Any CPU.Build.0 = Release|Any CPU
		{CA036838-BAB3-48FD-82B6-66BFE3582DB5}.Debug|Any CPU.ActiveCfg = Debug|Any CPU
		{CA036838-BAB3-48FD-82B6-66BFE3582DB5}.Debug|Any CPU.Build.0 = Debug|Any CPU
		{CA036838-BAB3-48FD-82B6-66BFE3582DB5}.Release|Any CPU.ActiveCfg = Release|Any CPU
		{CA036838-BAB3-48FD-82B6-66BFE3582DB5}.Release|Any CPU.Build.0 = Release|Any CPU
		{FB829F73-C340-47B9-BC24-1C74D659CECC}.Debug|Any CPU.ActiveCfg = Debug|Any CPU
		{FB829F73-C340-47B9-BC24-1C74D659CECC}.Debug|Any CPU.Build.0 = Debug|Any CPU
		{FB829F73-C340-47B9-BC24-1C74D659CECC}.Release|Any CPU.ActiveCfg = Release|Any CPU
		{FB829F73-C340-47B9-BC24-1C74D659CECC}.Release|Any CPU.Build.0 = Release|Any CPU
	EndGlobalSection
	GlobalSection(SolutionProperties) = preSolution
		HideSolutionNode = FALSE
	EndGlobalSection
	GlobalSection(ExtensibilityGlobals) = postSolution
		SolutionGuid = {E26A6AAF-65CD-4477-BEB3-FEB5F8C4D600}
	EndGlobalSection
EndGlobal
